<Solution>
  <Folder Name="/src/">
    <Project Path="src/SpendWise.Api/SpendWise.Api.csproj" />
    <Project Path="src/SpendWise.Application/SpendWise.Application.csproj" />
    <Project Path="src/SpendWise.Domain/SpendWise.Domain.csproj" />
    <Project Path="src/SpendWise.Infrastructure/SpendWise.Infrastructure.csproj" />
  </Folder>
</Solution>
